
Microsoft Visual Studio Solution File, Format Version 12.00
# Visual Studio 15
VisualStudioVersion = 15.0.28307.329
MinimumVisualStudioVersion = 10.0.40219.1
Project("{FAE04EC0-301F-11D3-BF4B-00C04F79EFBC}") = "typeGame", "typeGame\typeGame.csproj", "{2B13C604-E883-4FE7-8795-491D36DD9674}"
EndProject
Global
	GlobalSection(SolutionConfigurationPlatforms) = preSolution
		Debug|Any CPU = Debug|Any CPU
		Release|Any CPU = Release|Any CPU
	EndGlobalSection
	GlobalSection(ProjectConfigurationPlatforms) = postSolution
		{2B13C604-E883-4FE7-8795-491D36DD9674}.Debug|Any CPU.ActiveCfg = Debug|Any CPU
		{2B13C604-E883-4FE7-8795-491D36DD9674}.Debug|Any CPU.Build.0 = Debug|Any CPU
		{2B13C604-E883-4FE7-8795-491D36DD9674}.Release|Any CPU.ActiveCfg = Release|Any CPU
		{2B13C604-E883-4FE7-8795-491D36DD9674}.Release|Any CPU.Build.0 = Release|Any CPU
	EndGlobalSection
	GlobalSection(SolutionProperties) = preSolution
		HideSolutionNode = FALSE
	EndGlobalSection
	GlobalSection(ExtensibilityGlobals) = postSolution
		SolutionGuid = {19050BF9-71A3-43FC-86F3-4F8A5A217FFE}
	EndGlobalSection
EndGlobal
